
Microsoft Visual Studio Solution File, Format Version 12.00
# Visual Studio Version 16
VisualStudioVersion = 16.0.30804.86
MinimumVisualStudioVersion = 10.0.40219.1
Project("{FAE04EC0-301F-11D3-BF4B-00C04F79EFBC}") = "agdiag", "agdiag.csproj", "{2B5E1A44-B533-4A02-A3DF-34B0403C7BD2}"
EndProject
Global
	GlobalSection(SolutionConfigurationPlatforms) = preSolution
		Debug|Any CPU = Debug|Any CPU
		Debug|x64 = Debug|x64
		Release|Any CPU = Release|Any CPU
		Release|x64 = Release|x64
	EndGlobalSection
	GlobalSection(ProjectConfigurationPlatforms) = postSolution
		{2B5E1A44-B533-4A02-A3DF-34B0403C7BD2}.Debug|Any CPU.ActiveCfg = Debug|Any CPU
		{2B5E1A44-B533-4A02-A3DF-34B0403C7BD2}.Debug|Any CPU.Build.0 = Debug|Any CPU
		{2B5E1A44-B533-4A02-A3DF-34B0403C7BD2}.Debug|x64.ActiveCfg = Debug|x64
		{2B5E1A44-B533-4A02-A3DF-34B0403C7BD2}.Debug|x64.Build.0 = Debug|x64
		{2B5E1A44-B533-4A02-A3DF-34B0403C7BD2}.Release|Any CPU.ActiveCfg = Release|Any CPU
		{2B5E1A44-B533-4A02-A3DF-34B0403C7BD2}.Release|Any CPU.Build.0 = Release|Any CPU
		{2B5E1A44-B533-4A02-A3DF-34B0403C7BD2}.Release|x64.ActiveCfg = Release|x64
		{2B5E1A44-B533-4A02-A3DF-34B0403C7BD2}.Release|x64.Build.0 = Release|x64
	EndGlobalSection
	GlobalSection(SolutionProperties) = preSolution
		HideSolutionNode = FALSE
	EndGlobalSection
	GlobalSection(ExtensibilityGlobals) = postSolution
		SolutionGuid = {0AB0431A-34C2-42FF-9480-03FA9A48662A}
	EndGlobalSection
EndGlobal
